
Microsoft Visual Studio Solution File, Format Version 12.00
# Visual Studio Version 17
VisualStudioVersion = 17.6.33723.286
MinimumVisualStudioVersion = 10.0.40219.1
Project("{FAE04EC0-301F-11D3-BF4B-00C04F79EFBC}") = "break-continue statement - 6", "break-continue statement - 6\break-continue statement - 6.csproj", "{437D0E9A-E95A-46A3-B58C-80196C558593}"
EndProject
Global
	GlobalSection(SolutionConfigurationPlatforms) = preSolution
		Debug|Any CPU = Debug|Any CPU
		Release|Any CPU = Release|Any CPU
	EndGlobalSection
	GlobalSection(ProjectConfigurationPlatforms) = postSolution
		{437D0E9A-E95A-46A3-B58C-80196C558593}.Debug|Any CPU.ActiveCfg = Debug|Any CPU
		{437D0E9A-E95A-46A3-B58C-80196C558593}.Debug|Any CPU.Build.0 = Debug|Any CPU
		{437D0E9A-E95A-46A3-B58C-80196C558593}.Release|Any CPU.ActiveCfg = Release|Any CPU
		{437D0E9A-E95A-46A3-B58C-80196C558593}.Release|Any CPU.Build.0 = Release|Any CPU
	EndGlobalSection
	GlobalSection(SolutionProperties) = preSolution
		HideSolutionNode = FALSE
	EndGlobalSection
	GlobalSection(ExtensibilityGlobals) = postSolution
		SolutionGuid = {BB13F481-040E-41B5-A53F-6A5E81252B80}
	EndGlobalSection
EndGlobal
