
Microsoft Visual Studio Solution File, Format Version 12.00
# Visual Studio Version 17
VisualStudioVersion = 17.6.33723.286
MinimumVisualStudioVersion = 10.0.40219.1
Project("{FAE04EC0-301F-11D3-BF4B-00C04F79EFBC}") = "Upload - 23", "Upload - 23\Upload - 23.csproj", "{582CBB22-15DB-4C13-BF44-3F0A94D15A4A}"
EndProject
Global
	GlobalSection(SolutionConfigurationPlatforms) = preSolution
		Debug|Any CPU = Debug|Any CPU
		Release|Any CPU = Release|Any CPU
	EndGlobalSection
	GlobalSection(ProjectConfigurationPlatforms) = postSolution
		{582CBB22-15DB-4C13-BF44-3F0A94D15A4A}.Debug|Any CPU.ActiveCfg = Debug|Any CPU
		{582CBB22-15DB-4C13-BF44-3F0A94D15A4A}.Debug|Any CPU.Build.0 = Debug|Any CPU
		{582CBB22-15DB-4C13-BF44-3F0A94D15A4A}.Release|Any CPU.ActiveCfg = Release|Any CPU
		{582CBB22-15DB-4C13-BF44-3F0A94D15A4A}.Release|Any CPU.Build.0 = Release|Any CPU
	EndGlobalSection
	GlobalSection(SolutionProperties) = preSolution
		HideSolutionNode = FALSE
	EndGlobalSection
	GlobalSection(ExtensibilityGlobals) = postSolution
		SolutionGuid = {36F79C20-24AD-47A9-A6EA-37942556B564}
	EndGlobalSection
EndGlobal
