
Microsoft Visual Studio Solution File, Format Version 12.00
# Visual Studio Version 17
VisualStudioVersion = 17.6.33723.286
MinimumVisualStudioVersion = 10.0.40219.1
Project("{FAE04EC0-301F-11D3-BF4B-00C04F79EFBC}") = "Collecttion-19", "Collecttion-19\Collecttion-19.csproj", "{EB773ED1-B556-42A8-86BA-6D12E12C6BBB}"
EndProject
Global
	GlobalSection(SolutionConfigurationPlatforms) = preSolution
		Debug|Any CPU = Debug|Any CPU
		Release|Any CPU = Release|Any CPU
	EndGlobalSection
	GlobalSection(ProjectConfigurationPlatforms) = postSolution
		{EB773ED1-B556-42A8-86BA-6D12E12C6BBB}.Debug|Any CPU.ActiveCfg = Debug|Any CPU
		{EB773ED1-B556-42A8-86BA-6D12E12C6BBB}.Debug|Any CPU.Build.0 = Debug|Any CPU
		{EB773ED1-B556-42A8-86BA-6D12E12C6BBB}.Release|Any CPU.ActiveCfg = Release|Any CPU
		{EB773ED1-B556-42A8-86BA-6D12E12C6BBB}.Release|Any CPU.Build.0 = Release|Any CPU
	EndGlobalSection
	GlobalSection(SolutionProperties) = preSolution
		HideSolutionNode = FALSE
	EndGlobalSection
	GlobalSection(ExtensibilityGlobals) = postSolution
		SolutionGuid = {C9030517-2164-4433-B44E-059539CEAA29}
	EndGlobalSection
EndGlobal
