
Microsoft Visual Studio Solution File, Format Version 12.00
# Visual Studio Version 17
VisualStudioVersion = 17.6.33723.286
MinimumVisualStudioVersion = 10.0.40219.1
Project("{FAE04EC0-301F-11D3-BF4B-00C04F79EFBC}") = "Array - 18", "Array - 18\Array - 18.csproj", "{CE3B144B-3C96-4076-AE19-58D6445F0AAF}"
EndProject
Global
	GlobalSection(SolutionConfigurationPlatforms) = preSolution
		Debug|Any CPU = Debug|Any CPU
		Release|Any CPU = Release|Any CPU
	EndGlobalSection
	GlobalSection(ProjectConfigurationPlatforms) = postSolution
		{CE3B144B-3C96-4076-AE19-58D6445F0AAF}.Debug|Any CPU.ActiveCfg = Debug|Any CPU
		{CE3B144B-3C96-4076-AE19-58D6445F0AAF}.Debug|Any CPU.Build.0 = Debug|Any CPU
		{CE3B144B-3C96-4076-AE19-58D6445F0AAF}.Release|Any CPU.ActiveCfg = Release|Any CPU
		{CE3B144B-3C96-4076-AE19-58D6445F0AAF}.Release|Any CPU.Build.0 = Release|Any CPU
	EndGlobalSection
	GlobalSection(SolutionProperties) = preSolution
		HideSolutionNode = FALSE
	EndGlobalSection
	GlobalSection(ExtensibilityGlobals) = postSolution
		SolutionGuid = {97D87BE4-9E68-4183-B142-9805430224D4}
	EndGlobalSection
EndGlobal
