
Microsoft Visual Studio Solution File, Format Version 12.00
# Visual Studio Version 17
VisualStudioVersion = 17.6.33723.286
MinimumVisualStudioVersion = 10.0.40219.1
Project("{FAE04EC0-301F-11D3-BF4B-00C04F79EFBC}") = "EMICalculator using operator - 8", "EMICalculator using operator - 8\EMICalculator using operator - 8.csproj", "{62C9CCEA-FCD9-4E17-A79F-98A8DE450667}"
EndProject
Global
	GlobalSection(SolutionConfigurationPlatforms) = preSolution
		Debug|Any CPU = Debug|Any CPU
		Release|Any CPU = Release|Any CPU
	EndGlobalSection
	GlobalSection(ProjectConfigurationPlatforms) = postSolution
		{62C9CCEA-FCD9-4E17-A79F-98A8DE450667}.Debug|Any CPU.ActiveCfg = Debug|Any CPU
		{62C9CCEA-FCD9-4E17-A79F-98A8DE450667}.Debug|Any CPU.Build.0 = Debug|Any CPU
		{62C9CCEA-FCD9-4E17-A79F-98A8DE450667}.Release|Any CPU.ActiveCfg = Release|Any CPU
		{62C9CCEA-FCD9-4E17-A79F-98A8DE450667}.Release|Any CPU.Build.0 = Release|Any CPU
	EndGlobalSection
	GlobalSection(SolutionProperties) = preSolution
		HideSolutionNode = FALSE
	EndGlobalSection
	GlobalSection(ExtensibilityGlobals) = postSolution
		SolutionGuid = {C878A68B-2049-4A9A-A935-1F46AE043EEA}
	EndGlobalSection
EndGlobal
